{
  "version": 4,
  "terraform_version": "1.4.0",
  "serial": 35,
  "lineage": "0689b177-c425-6658-a0b3-81babb10be95",
  "outputs": {},
  "resources": [
    {
      "mode": "managed",
      "type": "azurerm_resource_group",
      "name": "rg",
      "provider": "provider[\"registry.terraform.io/hashicorp/azurerm\"]",
      "instances": [
        {
          "schema_version": 0,
          "attributes": {
            "id": "/subscriptions/d153d766-5361-4b3f-a0dc-81df4d786ac9/resourceGroups/rg-terraform",
            "location": "westeurope",
            "name": "rg-terraform",
            "tags": {},
            "timeouts": null
          },
          "sensitive_attributes": [],
          "private": "eyJlMmJmYjczMC1lY2FhLTExZTYtOGY4OC0zNDM2M2JjN2M0YzAiOnsiY3JlYXRlIjo1NDAwMDAwMDAwMDAwLCJkZWxldGUiOjU0MDAwMDAwMDAwMDAsInJlYWQiOjMwMDAwMDAwMDAwMCwidXBkYXRlIjo1NDAwMDAwMDAwMDAwfX0="
        }
      ]
    },
    {
      "mode": "managed",
      "type": "azurerm_virtual_network",
      "name": "terra-vnet",
      "provider": "provider[\"registry.terraform.io/hashicorp/azurerm\"]",
      "instances": [
        {
          "schema_version": 0,
          "attributes": {
            "address_space": [
              "10.4.0.0/16"
            ],
            "bgp_community": "",
            "ddos_protection_plan": [],
            "dns_servers": [],
            "edge_zone": "",
            "flow_timeout_in_minutes": 0,
            "guid": "6b95a9aa-04ba-4be0-b6f5-381191c580e1",
            "id": "/subscriptions/d153d766-5361-4b3f-a0dc-81df4d786ac9/resourceGroups/rg-terraform/providers/Microsoft.Network/virtualNetworks/terraformcrtudosevnet_v2",
            "location": "westeurope",
            "name": "terraformcrtudosevnet_v2",
            "resource_group_name": "rg-terraform",
            "subnet": [
              {
                "address_prefix": "10.4.0.0/24",
                "id": "/subscriptions/d153d766-5361-4b3f-a0dc-81df4d786ac9/resourceGroups/rg-terraform/providers/Microsoft.Network/virtualNetworks/terraformcrtudosevnet_v2/subnets/SubnetA",
                "name": "SubnetA",
                "security_group": ""
              },
              {
                "address_prefix": "10.4.1.0/24",
                "id": "/subscriptions/d153d766-5361-4b3f-a0dc-81df4d786ac9/resourceGroups/rg-terraform/providers/Microsoft.Network/virtualNetworks/terraformcrtudosevnet_v2/subnets/SubnetB",
                "name": "SubnetB",
                "security_group": ""
              },
              {
                "address_prefix": "10.4.2.0/24",
                "id": "/subscriptions/d153d766-5361-4b3f-a0dc-81df4d786ac9/resourceGroups/rg-terraform/providers/Microsoft.Network/virtualNetworks/terraformcrtudosevnet_v2/subnets/SubnetC",
                "name": "SubnetC",
                "security_group": ""
              }
            ],
            "tags": null,
            "timeouts": null
          },
          "sensitive_attributes": [],
          "private": "eyJlMmJmYjczMC1lY2FhLTExZTYtOGY4OC0zNDM2M2JjN2M0YzAiOnsiY3JlYXRlIjoxODAwMDAwMDAwMDAwLCJkZWxldGUiOjE4MDAwMDAwMDAwMDAsInJlYWQiOjMwMDAwMDAwMDAwMCwidXBkYXRlIjoxODAwMDAwMDAwMDAwfX0=",
          "dependencies": [
            "azurerm_resource_group.rg"
          ]
        }
      ]
    }
  ],
  "check_results": null
}
